lockfileVersion: '9.0'

settings:
  autoInstallPeers: true
  excludeLinksFromLockfile: false

importers:

  .: {}

  main:
    dependencies:
      garfish:
        specifier: ^1.19.2
        version: 1.19.2
      react:
        specifier: ^18.3.1
        version: 18.3.1
      react-dom:
        specifier: ^18.3.1
        version: 18.3.1(react@18.3.1)
      react-router-dom:
        specifier: ^6.24.1
        version: 6.24.1(react-dom@18.3.1(react@18.3.1))(react@18.3.1)
    devDependencies:
      '@rsbuild/core':
        specifier: 1.0.1-beta.1
        version: 1.0.1-beta.1
      '@rsbuild/plugin-react':
        specifier: 1.0.1-beta.1
        version: 1.0.1-beta.1(@rsbuild/core@1.0.1-beta.1)
      '@types/react':
        specifier: ^18.3.3
        version: 18.3.3
      '@types/react-dom':
        specifier: ^18.3.0
        version: 18.3.0
      typescript:
        specifier: ^5.5.2
        version: 5.5.3

  react-sub:
    dependencies:
      '@garfish/bridge-react-v18':
        specifier: ^1.19.2
        version: 1.19.2(react-dom@18.3.1(react@18.3.1))(react@18.3.1)
      react:
        specifier: ^18.3.1
        version: 18.3.1
      react-dom:
        specifier: ^18.3.1
        version: 18.3.1(react@18.3.1)
    devDependencies:
      '@rsbuild/core':
        specifier: 1.0.1-beta.1
        version: 1.0.1-beta.1
      '@rsbuild/plugin-react':
        specifier: 1.0.1-beta.1
        version: 1.0.1-beta.1(@rsbuild/core@1.0.1-beta.1)
      '@types/react':
        specifier: ^18.3.3
        version: 18.3.3
      '@types/react-dom':
        specifier: ^18.3.0
        version: 18.3.0
      typescript:
        specifier: ^5.5.2
        version: 5.5.3

packages:

  '@alioth-org/es-module-lexer@1.1.0':
    resolution: {integrity: sha512-2GrWjl8Whptm2Za2Zx+z8dm8Dz62hLWy1KPYEyplil4m28c6OR900iHNrYAYXS9QFCO1tqMABrl1daj6Mt66QQ==}

  '@garfish/bridge-react-v18@1.19.2':
    resolution: {integrity: sha512-a193/ep1JrU0i3y4WXSQP/+oJbquaTrxtVAIQ5H23TQIXGT9XYtg6Nyx8rlO4+kjk4+FPYyJOMcmknS+c8PNbw==}
    peerDependencies:
      react: '=18'
      react-dom: '=18'

  '@garfish/browser-snapshot@1.19.2':
    resolution: {integrity: sha512-6c7w5thEfvqqQ/dTkrVclxcNv9BCr/0ZB7pX7Nfv33Qi5Bu89N1QZDT5vIb+SP/jPv2fhjzD/KFYpIlrRlop7Q==}

  '@garfish/browser-vm@1.19.2':
    resolution: {integrity: sha512-zR/+OGs0Sgdo8TrRLqA20vNtR5RvCN5h6hq3q6I3ThtwR5Hd0Gnh4SHvTfCfqp6lIJSjuIjGNEe5MbkYQwdgZA==}

  '@garfish/core@1.19.2':
    resolution: {integrity: sha512-KyuDr3VZjqlbDusrP+kx7B2AmFdHzA1hqFwcEu1wMBJiJVTvuRMLHBHcOyEIqjpHdYfdA8QDX1ewPkyzxZUDyQ==}

  '@garfish/hooks@1.19.2':
    resolution: {integrity: sha512-2DCML0LIzgfL5Lh6eJ0ncwN9RRZKu7eEC0B3CYfmzKKtc8yGa6xrzXpJ+YdQEwxa4mXA/6ssibHsA9xa51tI+w==}

  '@garfish/loader@1.19.2':
    resolution: {integrity: sha512-jDYNTra6eFsSppbjHr4nj3yCJSq66J36Zyz8h9AnjRYpeLXpT3xpKJPsBHielVxnuCZvo0OOZi9rUpo7kBsTeA==}

  '@garfish/router@1.19.2':
    resolution: {integrity: sha512-fHPd1rpf3zZSFwDgIJeMMchYfuiLIiVioZJZAlglfQ/VXOkk6woZyX2VBw+YalDS8eLgDr4LIkdtymdAZn4tPA==}

  '@garfish/utils@1.19.2':
    resolution: {integrity: sha512-wxHc1qnMp3pScZxI/R0LvP7mkXfXkmAonfhaFkbu1QuxjJBzNTJvJvwOGhbebQLu/gef9r/VI1CAGGy5hDy/lg==}

  '@module-federation/runtime-tools@0.2.3':
    resolution: {integrity: sha512-capN8CVTCEqNAjnl102girrkevczoQfnQYyiYC4WuyKsg7+LUqfirIe1Eiyv6VSE2UgvOTZDnqvervA6rBOlmg==}

  '@module-federation/runtime@0.2.3':
    resolution: {integrity: sha512-N+ZxBUb1mkmfO9XT1BwgYQgShtUTlijHbukqQ4afFka5lRAT+ayC7RKfHJLz0HbuexKPCmPBDfdmCnErR5WyTQ==}

  '@module-federation/sdk@0.2.3':
    resolution: {integrity: sha512-W9zrPchLocyCBc/B8CW21akcfJXLl++9xBe1L1EtgxZGfj/xwHt0GcBWE/y+QGvYTL2a1iZjwscbftbUhxgxXg==}

  '@module-federation/webpack-bundler-runtime@0.2.3':
    resolution: {integrity: sha512-L/jt2uJ+8dwYiyn9GxryzDR6tr/Wk8rpgvelM2EBeLIhu7YxCHSmSjQYhw3BTux9zZIr47d1K9fGjBFsVRd/SQ==}

  '@remix-run/router@1.17.1':
    resolution: {integrity: sha512-mCOMec4BKd6BRGBZeSnGiIgwsbLGp3yhVqAD8H+PxiRNEHgDpZb8J1TnrSDlg97t0ySKMQJTHCWBCmBpSmkF6Q==}
    engines: {node: '>=14.0.0'}

  '@rsbuild/core@1.0.1-beta.1':
    resolution: {integrity: sha512-EfpuGomQIv9Hzu0A0S3WAHwwDblLQVR0QjSfkoTG9e7VhgHOoAAL4FRENGH1JRUB/veVY45oaaT1OWGjnng9dw==}
    engines: {node: '>=16.7.0'}
    hasBin: true

  '@rsbuild/plugin-react@1.0.1-beta.1':
    resolution: {integrity: sha512-IhaEeu/zSwMByqGjMImqFKvd6LTxhU1avteaUvdIe8qfhfZC32p7ZR3ANImMMImHN/PqsSQsX+ScCa5oL0zjsw==}
    peerDependencies:
      '@rsbuild/core': ^1.0.1-beta.0

  '@rspack/binding-darwin-arm64@1.0.0-alpha.3':
    resolution: {integrity: sha512-PZLdp0tgoti/skzIMijNr2jedKa8LGbhtPs6a0jgIuLY1g0fj/aL3LLGMo4rwoy/zGXeZf40PIJQB8b+w0qt7g==}
    cpu: [arm64]
    os: [darwin]

  '@rspack/binding-darwin-x64@1.0.0-alpha.3':
    resolution: {integrity: sha512-NrNfjzsWo3kFh37tpCxNw75xuSGHdGCHIRCjKnvxHQ46aB+Y2wiOdGgSk7SnZHsRWpZyDFw3aBJCayiXlfgdTw==}
    cpu: [x64]
    os: [darwin]

  '@rspack/binding-linux-arm64-gnu@1.0.0-alpha.3':
    resolution: {integrity: sha512-EjzyZWZSjo02ReGUzQPt8sY1hEx2V9lEbg1cqgnE1NpSOS77ratNoAvS3gAzXL6NGWRhYrIH2yaN+6OB9olt/g==}
    cpu: [arm64]
    os: [linux]

  '@rspack/binding-linux-arm64-musl@1.0.0-alpha.3':
    resolution: {integrity: sha512-HJQ52KWNnMOFqbXhaIHTAr54ES5LSunJF6SLnIMgElReC39WvUNDmHhCA5yPebkXgY2SDrLIKDmqxouZmYWulQ==}
    cpu: [arm64]
    os: [linux]

  '@rspack/binding-linux-x64-gnu@1.0.0-alpha.3':
    resolution: {integrity: sha512-VcpKLI2AZmFOTec8C9YJTdMrgZMrgsQkMeQzTY1uOQuIaAaNCuPBFRdlJaRSTAG0t4aaxaVfR1c3JY8GITacfA==}
    cpu: [x64]
    os: [linux]

  '@rspack/binding-linux-x64-musl@1.0.0-alpha.3':
    resolution: {integrity: sha512-FypR+RqONTvrgX+SI8sJqhVqv8uhTdq3OHew4ZaL3VN0dp2thmpMX5cJ+XQAsU414OLRTgREU9go2j78n7kvUA==}
    cpu: [x64]
    os: [linux]

  '@rspack/binding-win32-arm64-msvc@1.0.0-alpha.3':
    resolution: {integrity: sha512-aAGQE2TJOhlK6jGYXZyon0JKTP5t2o51/exsSzyH6BSqFce/Qd5w1fqgm6FONTuosrwaBxHSz1pprNq6vx87kA==}
    cpu: [arm64]
    os: [win32]

  '@rspack/binding-win32-ia32-msvc@1.0.0-alpha.3':
    resolution: {integrity: sha512-OouAliQG6dONL9B+Jy237fhs6bScloAT3uphkDumsiAmH1926MYeSKhsmYU4j8b352iGtZVXaH/wR5svLTUCVQ==}
    cpu: [ia32]
    os: [win32]

  '@rspack/binding-win32-x64-msvc@1.0.0-alpha.3':
    resolution: {integrity: sha512-CLh3p5a15wPQE8zOyBjBjVBrbdaDvAfacXkmCQK4I6lBc3HetkJNyjS8Fntf1CV9sWgJhwABUWHn7kMQeLY9RQ==}
    cpu: [x64]
    os: [win32]

  '@rspack/binding@1.0.0-alpha.3':
    resolution: {integrity: sha512-S/JjBWr8PE/l7+2xsk1m77CZnKwQNk+39uIsvHQhoRs+DL9SUDjjkUO4yqjCw6ZUGqEaTv4U/TL9TAmbrTth7g==}

  '@rspack/core@1.0.0-alpha.3':
    resolution: {integrity: sha512-TcZZNMpyTjEIBP4zMCpLwXBiATEQ2QG3jKsV+mq55ZGKfqd/l86Zr3SboF15GOQip1wDHlSpA1bvrT18f9h0sw==}
    engines: {node: '>=16.0.0'}
    peerDependencies:
      '@swc/helpers': '>=0.5.1'
    peerDependenciesMeta:
      '@swc/helpers':
        optional: true

  '@rspack/lite-tapable@1.0.0-alpha.3':
    resolution: {integrity: sha512-oQJ1iYxfBHcuutAva2HP1dqi9Aka/70PB3Vbq4nI+iAhHErtzaRslI/OcqhEbbmBgYf+Xu6g5vvN6Gxfq69gag==}
    engines: {node: '>=16.0.0'}

  '@rspack/plugin-react-refresh@1.0.0-alpha.3':
    resolution: {integrity: sha512-gYPKkON3uhdj33J5tO+Z31JknAKeWeBVlTyDFz/2w+eIj8V1CIsAgeYO13mednPxVjfy1Tw8Qg7hfUnnVBoRFw==}
    peerDependencies:
      react-refresh: '>=0.10.0 <1.0.0'
    peerDependenciesMeta:
      react-refresh:
        optional: true

  '@swc/helpers@0.5.11':
    resolution: {integrity: sha512-YNlnKRWF2sVojTpIyzwou9XoTNbzbzONwRhOoniEioF1AtaitTvVZblaQRrAzChWQ1bLYyYSWzM18y4WwgzJ+A==}

  '@types/prop-types@15.7.12':
    resolution: {integrity: sha512-5zvhXYtRNRluoE/jAp4GVsSduVUzNWKkOZrCDBWYtE7biZywwdC2AcEzg+cSMLFRfVgeAFqpfNabiPjxFddV1Q==}

  '@types/react-dom@18.3.0':
    resolution: {integrity: sha512-EhwApuTmMBmXuFOikhQLIBUn6uFg81SwLMOAUgodJF14SOBOCMdU04gDoYi0WOJJHD144TL32z4yDqCW3dnkQg==}

  '@types/react@18.3.3':
    resolution: {integrity: sha512-hti/R0pS0q1/xx+TsI73XIqk26eBsISZ2R0wUijXIngRK9R/e7Xw/cXVxQK7R5JjW+SV4zGcn5hXjudkN/pLIw==}

  caniuse-lite@1.0.30001642:
    resolution: {integrity: sha512-3XQ0DoRgLijXJErLSl+bLnJ+Et4KqV1PY6JJBGAFlsNsz31zeAIncyeZfLCabHK/jtSh+671RM9YMldxjUPZtA==}

  core-js@3.37.1:
    resolution: {integrity: sha512-Xn6qmxrQZyB0FFY8E3bgRXei3lWDJHhvI+u0q9TKIYM49G8pAr0FgnnrFRAmsbptZL1yxRADVXn+x5AGsbBfyw==}

  csstype@3.1.3:
    resolution: {integrity: sha512-M1uQkMl8rQK/szD0LNhtqxIPLpimGm8sOBwU7lLnCpSbTyY3yeU1Vc7l4KT5zT4s/yOxHH5O7tIuuLOCnLADRw==}

  debug@4.3.5:
    resolution: {integrity: sha512-pt0bNEmneDIvdL1Xsd9oDQ/wrQRkXDT4AUWlNZNPKvW5x/jyO9VFXkJUP07vQ2upmw5PlaITaPKc31jK13V+jg==}
    engines: {node: '>=6.0'}
    peerDependencies:
      supports-color: '*'
    peerDependenciesMeta:
      supports-color:
        optional: true

  error-stack-parser@2.1.4:
    resolution: {integrity: sha512-Sk5V6wVazPhq5MhpO+AUxJn5x7XSXGl1R93Vn7i+zS15KDVxQijejNCrz8340/2bgLBjR9GtEG8ZVKONDjcqGQ==}

  eventemitter2@6.4.9:
    resolution: {integrity: sha512-JEPTiaOt9f04oa6NOkc4aH+nVp5I3wEjpHbIPqfgCdD5v5bUzy7xQqwcVO2aDQgOWhI28da57HksMrzK9HlRxg==}

  fsevents@2.3.3:
    resolution: {integrity: sha512-5xoDfX+fL7faATnagmWPpbFtwh/R77WmMMqqHGS65C3vvB0YHrgF+B1YmZ3441tMj5n63k0212XNoJwzlhffQw==}
    engines: {node: ^8.16.0 || ^10.6.0 || >=11.0.0}
    os: [darwin]

  garfish@1.19.2:
    resolution: {integrity: sha512-HY/MqCRjUdGiyLhCOMvuWO/ON+8ZDuwcD4i4CqQj/cGFx/VDrSNKTrBexl56XiFTOF8iOLR7WJ5yzd5Pak/fbg==}

  html-entities@2.5.2:
    resolution: {integrity: sha512-K//PSRMQk4FZ78Kyau+mZurHn3FH0Vwr+H36eE0rPbeYkRRi9YxceYPhuN60UwWorxyKHhqoAJl2OFKa4BVtaA==}

  js-tokens@4.0.0:
    resolution: {integrity: sha512-RdJUflcE3cUzKiMqQgsCu06FPu9UdIJO0beYbPhHN4k6apgJtifcoCtT9bcxOpYBtpD2kCM6Sbzg4CausW/PKQ==}

  loose-envify@1.4.0:
    resolution: {integrity: sha512-lyuxPGr/Wfhrlem2CL/UcnUc1zcqKAImBDzukY7Y5F/yQiNdko6+fRLevlw1HgMySw7f611UIY408EtxRSoK3Q==}
    hasBin: true

  ms@2.1.2:
    resolution: {integrity: sha512-sGkPx+VjMtmA6MX27oA4FBFELFCZZ4S4XqeGOXCv68tT+jb3vk/RyaKWP0PTKyWtmLSM0b+adUTEvbs1PEaH2w==}

  nanoid@3.3.7:
    resolution: {integrity: sha512-eSRppjcPIatRIMC1U6UngP8XFcz8MQWGQdt1MTBQ7NaAmvXDfvNxbvWV3x2y6CdEUciCSsDHDQZbhYaB8QEo2g==}
    engines: {node: ^10 || ^12 || ^13.7 || ^14 || >=15.0.1}
    hasBin: true

  picocolors@1.0.1:
    resolution: {integrity: sha512-anP1Z8qwhkbmu7MFP5iTt+wQKXgwzf7zTyGlcdzabySa9vd0Xt392U0rVmz9poOaBj0uHJKyyo9/upk0HrEQew==}

  postcss@8.4.39:
    resolution: {integrity: sha512-0vzE+lAiG7hZl1/9I8yzKLx3aR9Xbof3fBHKunvMfOCYAtMhrsnccJY2iTURb9EZd5+pLuiNV9/c/GZJOHsgIw==}
    engines: {node: ^10 || ^12 || >=14}

  react-dom@18.3.1:
    resolution: {integrity: sha512-5m4nQKp+rZRb09LNH59GM4BxTh9251/ylbKIbpe7TpGxfJ+9kv6BLkLBXIjjspbgbnIBNqlI23tRnTWT0snUIw==}
    peerDependencies:
      react: ^18.3.1

  react-refresh@0.14.2:
    resolution: {integrity: sha512-jCvmsr+1IUSMUyzOkRcvnVbX3ZYC6g9TDrDbFuFmRDq7PD4yaGbLKNQL6k2jnArV8hjYxh7hVhAZB6s9HDGpZA==}
    engines: {node: '>=0.10.0'}

  react-router-dom@6.24.1:
    resolution: {integrity: sha512-U19KtXqooqw967Vw0Qcn5cOvrX5Ejo9ORmOtJMzYWtCT4/WOfFLIZGGsVLxcd9UkBO0mSTZtXqhZBsWlHr7+Sg==}
    engines: {node: '>=14.0.0'}
    peerDependencies:
      react: '>=16.8'
      react-dom: '>=16.8'

  react-router@6.24.1:
    resolution: {integrity: sha512-PTXFXGK2pyXpHzVo3rR9H7ip4lSPZZc0bHG5CARmj65fTT6qG7sTngmb6lcYu1gf3y/8KxORoy9yn59pGpCnpg==}
    engines: {node: '>=14.0.0'}
    peerDependencies:
      react: '>=16.8'

  react@18.3.1:
    resolution: {integrity: sha512-wS+hAgJShR0KhEvPJArfuPVN1+Hz1t0Y6n5jLrGQbkb4urgPE/0Rve+1kMB1v/oWgHgm4WIcV+i7F2pTVj+2iQ==}
    engines: {node: '>=0.10.0'}

  scheduler@0.23.2:
    resolution: {integrity: sha512-UOShsPwz7NrMUqhR6t0hWjFduvOzbtv7toDH1/hIrfRNIDBnnBWd0CwJTGvTpngVlmwGCdP9/Zl/tVrDqcuYzQ==}

  source-map-js@1.2.0:
    resolution: {integrity: sha512-itJW8lvSA0TXEphiRoawsCksnlf8SyvmFzIhltqAHluXd88pkCd+cXJVHTDwdCr0IzwptSm035IHQktUu1QUMg==}
    engines: {node: '>=0.10.0'}

  stackframe@1.3.4:
    resolution: {integrity: sha512-oeVtt7eWQS+Na6F//S4kJ2K2VbRlS9D43mAlMyVpVWovy9o+jfgH8O9agzANzaiLjclA0oYzUXEM4PurhSUChw==}

  tslib@2.6.3:
    resolution: {integrity: sha512-xNvxJEOUiWPGhUuUdQgAJPKOOJfGnIyKySOc09XkKsgdUV/3E2zvwZYdejjmRgPCgcym1juLH3226yA7sEFJKQ==}

  typescript@5.5.3:
    resolution: {integrity: sha512-/hreyEujaB0w76zKo6717l3L0o/qEUtRgdvUBvlkhoWeOVMjMuHNHk0BRBzikzuGDqNmPQbg5ifMEqsHLiIUcQ==}
    engines: {node: '>=14.17'}
    hasBin: true

snapshots:

  '@alioth-org/es-module-lexer@1.1.0': {}

  '@garfish/bridge-react-v18@1.19.2(react-dom@18.3.1(react@18.3.1))(react@18.3.1)':
    dependencies:
      '@garfish/utils': 1.19.2
      react: 18.3.1
      react-dom: 18.3.1(react@18.3.1)
    transitivePeerDependencies:
      - supports-color

  '@garfish/browser-snapshot@1.19.2':
    dependencies:
      '@garfish/core': 1.19.2
      '@garfish/utils': 1.19.2
    transitivePeerDependencies:
      - supports-color

  '@garfish/browser-vm@1.19.2':
    dependencies:
      '@garfish/core': 1.19.2
      '@garfish/hooks': 1.19.2
      '@garfish/loader': 1.19.2
      '@garfish/utils': 1.19.2
    transitivePeerDependencies:
      - supports-color

  '@garfish/core@1.19.2':
    dependencies:
      '@alioth-org/es-module-lexer': 1.1.0
      '@garfish/hooks': 1.19.2
      '@garfish/loader': 1.19.2
      '@garfish/utils': 1.19.2
      eventemitter2: 6.4.9
    transitivePeerDependencies:
      - supports-color

  '@garfish/hooks@1.19.2':
    dependencies:
      '@garfish/utils': 1.19.2
    transitivePeerDependencies:
      - supports-color

  '@garfish/loader@1.19.2':
    dependencies:
      '@garfish/hooks': 1.19.2
      '@garfish/utils': 1.19.2
    transitivePeerDependencies:
      - supports-color

  '@garfish/router@1.19.2':
    dependencies:
      '@garfish/core': 1.19.2
      '@garfish/utils': 1.19.2
    transitivePeerDependencies:
      - supports-color

  '@garfish/utils@1.19.2':
    dependencies:
      debug: 4.3.5
    transitivePeerDependencies:
      - supports-color

  '@module-federation/runtime-tools@0.2.3':
    dependencies:
      '@module-federation/runtime': 0.2.3
      '@module-federation/webpack-bundler-runtime': 0.2.3

  '@module-federation/runtime@0.2.3':
    dependencies:
      '@module-federation/sdk': 0.2.3

  '@module-federation/sdk@0.2.3': {}

  '@module-federation/webpack-bundler-runtime@0.2.3':
    dependencies:
      '@module-federation/runtime': 0.2.3
      '@module-federation/sdk': 0.2.3

  '@remix-run/router@1.17.1': {}

  '@rsbuild/core@1.0.1-beta.1':
    dependencies:
      '@rspack/core': 1.0.0-alpha.3(@swc/helpers@0.5.11)
      '@rspack/lite-tapable': 1.0.0-alpha.3
      '@swc/helpers': 0.5.11
      caniuse-lite: 1.0.30001642
      core-js: 3.37.1
      postcss: 8.4.39
    optionalDependencies:
      fsevents: 2.3.3

  '@rsbuild/plugin-react@1.0.1-beta.1(@rsbuild/core@1.0.1-beta.1)':
    dependencies:
      '@rsbuild/core': 1.0.1-beta.1
      '@rspack/plugin-react-refresh': 1.0.0-alpha.3(react-refresh@0.14.2)
      react-refresh: 0.14.2

  '@rspack/binding-darwin-arm64@1.0.0-alpha.3':
    optional: true

  '@rspack/binding-darwin-x64@1.0.0-alpha.3':
    optional: true

  '@rspack/binding-linux-arm64-gnu@1.0.0-alpha.3':
    optional: true

  '@rspack/binding-linux-arm64-musl@1.0.0-alpha.3':
    optional: true

  '@rspack/binding-linux-x64-gnu@1.0.0-alpha.3':
    optional: true

  '@rspack/binding-linux-x64-musl@1.0.0-alpha.3':
    optional: true

  '@rspack/binding-win32-arm64-msvc@1.0.0-alpha.3':
    optional: true

  '@rspack/binding-win32-ia32-msvc@1.0.0-alpha.3':
    optional: true

  '@rspack/binding-win32-x64-msvc@1.0.0-alpha.3':
    optional: true

  '@rspack/binding@1.0.0-alpha.3':
    optionalDependencies:
      '@rspack/binding-darwin-arm64': 1.0.0-alpha.3
      '@rspack/binding-darwin-x64': 1.0.0-alpha.3
      '@rspack/binding-linux-arm64-gnu': 1.0.0-alpha.3
      '@rspack/binding-linux-arm64-musl': 1.0.0-alpha.3
      '@rspack/binding-linux-x64-gnu': 1.0.0-alpha.3
      '@rspack/binding-linux-x64-musl': 1.0.0-alpha.3
      '@rspack/binding-win32-arm64-msvc': 1.0.0-alpha.3
      '@rspack/binding-win32-ia32-msvc': 1.0.0-alpha.3
      '@rspack/binding-win32-x64-msvc': 1.0.0-alpha.3

  '@rspack/core@1.0.0-alpha.3(@swc/helpers@0.5.11)':
    dependencies:
      '@module-federation/runtime-tools': 0.2.3
      '@rspack/binding': 1.0.0-alpha.3
      '@rspack/lite-tapable': 1.0.0-alpha.3
      caniuse-lite: 1.0.30001642
    optionalDependencies:
      '@swc/helpers': 0.5.11

  '@rspack/lite-tapable@1.0.0-alpha.3': {}

  '@rspack/plugin-react-refresh@1.0.0-alpha.3(react-refresh@0.14.2)':
    dependencies:
      error-stack-parser: 2.1.4
      html-entities: 2.5.2
    optionalDependencies:
      react-refresh: 0.14.2

  '@swc/helpers@0.5.11':
    dependencies:
      tslib: 2.6.3

  '@types/prop-types@15.7.12': {}

  '@types/react-dom@18.3.0':
    dependencies:
      '@types/react': 18.3.3

  '@types/react@18.3.3':
    dependencies:
      '@types/prop-types': 15.7.12
      csstype: 3.1.3

  caniuse-lite@1.0.30001642: {}

  core-js@3.37.1: {}

  csstype@3.1.3: {}

  debug@4.3.5:
    dependencies:
      ms: 2.1.2

  error-stack-parser@2.1.4:
    dependencies:
      stackframe: 1.3.4

  eventemitter2@6.4.9: {}

  fsevents@2.3.3:
    optional: true

  garfish@1.19.2:
    dependencies:
      '@garfish/browser-snapshot': 1.19.2
      '@garfish/browser-vm': 1.19.2
      '@garfish/core': 1.19.2
      '@garfish/router': 1.19.2
      '@garfish/utils': 1.19.2
    transitivePeerDependencies:
      - supports-color

  html-entities@2.5.2: {}

  js-tokens@4.0.0: {}

  loose-envify@1.4.0:
    dependencies:
      js-tokens: 4.0.0

  ms@2.1.2: {}

  nanoid@3.3.7: {}

  picocolors@1.0.1: {}

  postcss@8.4.39:
    dependencies:
      nanoid: 3.3.7
      picocolors: 1.0.1
      source-map-js: 1.2.0

  react-dom@18.3.1(react@18.3.1):
    dependencies:
      loose-envify: 1.4.0
      react: 18.3.1
      scheduler: 0.23.2

  react-refresh@0.14.2: {}

  react-router-dom@6.24.1(react-dom@18.3.1(react@18.3.1))(react@18.3.1):
    dependencies:
      '@remix-run/router': 1.17.1
      react: 18.3.1
      react-dom: 18.3.1(react@18.3.1)
      react-router: 6.24.1(react@18.3.1)

  react-router@6.24.1(react@18.3.1):
    dependencies:
      '@remix-run/router': 1.17.1
      react: 18.3.1

  react@18.3.1:
    dependencies:
      loose-envify: 1.4.0

  scheduler@0.23.2:
    dependencies:
      loose-envify: 1.4.0

  source-map-js@1.2.0: {}

  stackframe@1.3.4: {}

  tslib@2.6.3: {}

  typescript@5.5.3: {}
